
Microsoft Visual Studio Solution File, Format Version 12.00
# Visual Studio 15
Project("{FAE04EC0-301F-11D3-BF4B-00C04F79EFBC}") = "marmalade", "marmalade.csproj", "{77ECF3A7-619C-2DBD-65BB-2C91A31DAC02}"
EndProject
Project("{FAE04EC0-301F-11D3-BF4B-00C04F79EFBC}") = "marmalade.Editor", "marmalade.Editor.csproj", "{1AD36394-B18A-B7CE-D30B-43B8F33653F7}"
EndProject
Global
	GlobalSection(SolutionConfigurationPlatforms) = preSolution
		Debug|Any CPU = Debug|Any CPU
		Release|Any CPU = Release|Any CPU
	EndGlobalSection
	GlobalSection(ProjectConfigurationPlatforms) = postSolution
		{77ECF3A7-619C-2DBD-65BB-2C91A31DAC02}.Debug|Any CPU.ActiveCfg = Debug|Any CPU
		{77ECF3A7-619C-2DBD-65BB-2C91A31DAC02}.Debug|Any CPU.Build.0 = Debug|Any CPU
		{77ECF3A7-619C-2DBD-65BB-2C91A31DAC02}.Release|Any CPU.ActiveCfg = Release|Any CPU
		{77ECF3A7-619C-2DBD-65BB-2C91A31DAC02}.Release|Any CPU.Build.0 = Release|Any CPU
		{1AD36394-B18A-B7CE-D30B-43B8F33653F7}.Debug|Any CPU.ActiveCfg = Debug|Any CPU
		{1AD36394-B18A-B7CE-D30B-43B8F33653F7}.Debug|Any CPU.Build.0 = Debug|Any CPU
		{1AD36394-B18A-B7CE-D30B-43B8F33653F7}.Release|Any CPU.ActiveCfg = Release|Any CPU
		{1AD36394-B18A-B7CE-D30B-43B8F33653F7}.Release|Any CPU.Build.0 = Release|Any CPU
	EndGlobalSection
	GlobalSection(SolutionProperties) = preSolution
		HideSolutionNode = FALSE
	EndGlobalSection
EndGlobal
